{
    "version": 3,
    "terraform_version": "0.11.7",
    "serial": 47,
    "lineage": "0e36fa50-ad27-f3a4-45a0-f3bec8639a6e",
    "modules": [
        {
            "path": [
                "root"
            ],
            "outputs": {
                "bucket-arn": {
                    "sensitive": false,
                    "type": "string",
                    "value": "arn:aws:s3:::aldunate-pro-mail-30-days"
                },
                "mail-forwarder-by-domain-function-arn": {
                    "sensitive": false,
                    "type": "string",
                    "value": "arn:aws:lambda:eu-west-1:273389312991:function:mail-forwarder-by-domain"
                }
            },
            "resources": {
                "aws_iam_role.iam_for_lambda": {
                    "type": "aws_iam_role",
                    "depends_on": [],
                    "primary": {
                        "id": "iam_for_lambda",
                        "attributes": {
                            "arn": "arn:aws:iam::273389312991:role/iam_for_lambda",
                            "assume_role_policy": "{\"Version\":\"2012-10-17\",\"Statement\":[{\"Sid\":\"\",\"Effect\":\"Allow\",\"Principal\":{\"Service\":\"lambda.amazonaws.com\"},\"Action\":\"sts:AssumeRole\"}]}",
                            "create_date": "2018-08-07T06:45:57Z",
                            "description": "",
                            "force_detach_policies": "false",
                            "id": "iam_for_lambda",
                            "max_session_duration": "3600",
                            "name": "iam_for_lambda",
                            "path": "/",
                            "unique_id": "AROAI76GYW2AGNFP4NPUW"
                        },
                        "meta": {},
                        "tainted": false
                    },
                    "deposed": [],
                    "provider": "provider.aws"
                },
                "aws_iam_role_policy.lambda_policy": {
                    "type": "aws_iam_role_policy",
                    "depends_on": [
                        "aws_iam_role.iam_for_lambda",
                        "data.aws_iam_policy_document.lambda_policy"
                    ],
                    "primary": {
                        "id": "iam_for_lambda:lambda_policy",
                        "attributes": {
                            "id": "iam_for_lambda:lambda_policy",
                            "name": "lambda_policy",
                            "policy": "{\n  \"Version\": \"2012-10-17\",\n  \"Statement\": [\n    {\n      \"Sid\": \"\",\n      \"Effect\": \"Allow\",\n      \"Action\": [\n        \"logs:PutLogEvents\",\n        \"logs:CreateLogStream\",\n        \"logs:CreateLogGroup\"\n      ],\n      \"Resource\": \"arn:aws:logs:*:*:*\"\n    },\n    {\n      \"Sid\": \"\",\n      \"Effect\": \"Allow\",\n      \"Action\": \"ses:*\",\n      \"Resource\": \"*\"\n    },\n    {\n      \"Sid\": \"\",\n      \"Effect\": \"Allow\",\n      \"Action\": [\n        \"s3:PutObject\",\n        \"s3:GetObject\"\n      ],\n      \"Resource\": \"arn:aws:s3:::aldunate-pro-mail-30-days/*\"\n    }\n  ]\n}",
                            "role": "iam_for_lambda"
                        },
                        "meta": {},
                        "tainted": false
                    },
                    "deposed": [],
                    "provider": "provider.aws"
                },
                "aws_lambda_function.mail_forwarder_by_domain_function": {
                    "type": "aws_lambda_function",
                    "depends_on": [
                        "aws_iam_role.iam_for_lambda",
                        "null_resource.zip_lambda"
                    ],
                    "primary": {
                        "id": "mail-forwarder-by-domain",
                        "attributes": {
                            "arn": "arn:aws:lambda:eu-west-1:273389312991:function:mail-forwarder-by-domain",
                            "dead_letter_config.#": "0",
                            "description": "",
                            "environment.#": "1",
                            "environment.0.variables.%": "1",
                            "environment.0.variables.bucket_name": "aldunate-pro-mail-30-days",
                            "filename": "mail-forwarder-by-domain.zip",
                            "function_name": "mail-forwarder-by-domain",
                            "handler": "mail-forwarder-by-domain.handler",
                            "id": "mail-forwarder-by-domain",
                            "invoke_arn": "arn:aws:apigateway:eu-west-1:lambda:path/2015-03-31/functions/arn:aws:lambda:eu-west-1:273389312991:function:mail-forwarder-by-domain/invocations",
                            "kms_key_arn": "",
                            "last_modified": "2018-08-07T06:46:07.676+0000",
                            "memory_size": "128",
                            "publish": "false",
                            "qualified_arn": "arn:aws:lambda:eu-west-1:273389312991:function:mail-forwarder-by-domain:$LATEST",
                            "reserved_concurrent_executions": "0",
                            "role": "arn:aws:iam::273389312991:role/iam_for_lambda",
                            "runtime": "nodejs4.3",
                            "source_code_hash": "c/FA/j2hqJHrZ14aJdrWz6touMg1y73flgZCLzJGlUs=",
                            "source_code_size": "2543",
                            "tags.%": "2",
                            "tags.Project": "max-pro",
                            "tags.Project-Module": "mail-forwarder-aldunate-pro",
                            "timeout": "30",
                            "tracing_config.#": "1",
                            "tracing_config.0.mode": "PassThrough",
                            "version": "$LATEST",
                            "vpc_config.#": "0"
                        },
                        "meta": {},
                        "tainted": false
                    },
                    "deposed": [],
                    "provider": "provider.aws"
                },
                "aws_s3_bucket.bucket": {
                    "type": "aws_s3_bucket",
                    "depends_on": [],
                    "primary": {
                        "id": "aldunate-pro-mail-30-days",
                        "attributes": {
                            "acceleration_status": "",
                            "acl": "private",
                            "arn": "arn:aws:s3:::aldunate-pro-mail-30-days",
                            "bucket": "aldunate-pro-mail-30-days",
                            "bucket_domain_name": "aldunate-pro-mail-30-days.s3.amazonaws.com",
                            "bucket_regional_domain_name": "aldunate-pro-mail-30-days.s3.eu-west-1.amazonaws.com",
                            "cors_rule.#": "0",
                            "force_destroy": "false",
                            "hosted_zone_id": "Z1BKCTXD74EZPE",
                            "id": "aldunate-pro-mail-30-days",
                            "lifecycle_rule.#": "1",
                            "lifecycle_rule.0.abort_incomplete_multipart_upload_days": "0",
                            "lifecycle_rule.0.enabled": "true",
                            "lifecycle_rule.0.expiration.#": "1",
                            "lifecycle_rule.0.expiration.1918342522.date": "",
                            "lifecycle_rule.0.expiration.1918342522.days": "1",
                            "lifecycle_rule.0.expiration.1918342522.expired_object_delete_marker": "false",
                            "lifecycle_rule.0.id": "remove",
                            "lifecycle_rule.0.noncurrent_version_expiration.#": "0",
                            "lifecycle_rule.0.noncurrent_version_transition.#": "0",
                            "lifecycle_rule.0.prefix": "",
                            "lifecycle_rule.0.tags.%": "0",
                            "lifecycle_rule.0.transition.#": "0",
                            "logging.#": "0",
                            "region": "eu-west-1",
                            "replication_configuration.#": "0",
                            "request_payer": "BucketOwner",
                            "server_side_encryption_configuration.#": "0",
                            "tags.%": "2",
                            "tags.Project": "max-pro",
                            "tags.Project-Module": "mail-forwarder-aldunate-pro",
                            "versioning.#": "1",
                            "versioning.0.enabled": "false",
                            "versioning.0.mfa_delete": "false",
                            "website.#": "0"
                        },
                        "meta": {},
                        "tainted": false
                    },
                    "deposed": [],
                    "provider": "provider.aws"
                },
                "aws_s3_bucket_policy.bucket_policy": {
                    "type": "aws_s3_bucket_policy",
                    "depends_on": [
                        "aws_s3_bucket.bucket",
                        "data.aws_caller_identity.current"
                    ],
                    "primary": {
                        "id": "aldunate-pro-mail-30-days",
                        "attributes": {
                            "bucket": "aldunate-pro-mail-30-days",
                            "id": "aldunate-pro-mail-30-days",
                            "policy": "{\n  \"Version\": \"2012-10-17\",\n  \"Statement\": [\n    {\n      \"Sid\": \"GiveSESPermissionToWriteEmail\",\n      \"Effect\": \"Allow\",\n      \"Principal\": {\n         \"Service\": \"ses.amazonaws.com\"\n      },\n      \"Action\": \"s3:PutObject\",\n      \"Resource\": \"arn:aws:s3:::aldunate-pro-mail-30-days/*\",\n      \"Condition\": {\n         \"StringEquals\": {\n            \"aws:Referer\": \"273389312991\"\n         }\n      }\n    } \n  ]\n}\n"
                        },
                        "meta": {},
                        "tainted": false
                    },
                    "deposed": [],
                    "provider": "provider.aws"
                },
                "data.aws_caller_identity.current": {
                    "type": "aws_caller_identity",
                    "depends_on": [],
                    "primary": {
                        "id": "2018-08-07 06:39:36.1570479 +0000 UTC",
                        "attributes": {
                            "account_id": "273389312991",
                            "arn": "arn:aws:iam::273389312991:user/CliMax",
                            "id": "2018-08-07 06:39:36.1570479 +0000 UTC",
                            "user_id": "AIDAI5XYXZ76LAGVXSNUS"
                        },
                        "meta": {},
                        "tainted": false
                    },
                    "deposed": [],
                    "provider": "provider.aws"
                },
                "data.aws_iam_policy_document.lambda_policy": {
                    "type": "aws_iam_policy_document",
                    "depends_on": [],
                    "primary": {
                        "id": "1136023873",
                        "attributes": {
                            "id": "1136023873",
                            "json": "{\n  \"Version\": \"2012-10-17\",\n  \"Statement\": [\n    {\n      \"Sid\": \"\",\n      \"Effect\": \"Allow\",\n      \"Action\": [\n        \"logs:PutLogEvents\",\n        \"logs:CreateLogStream\",\n        \"logs:CreateLogGroup\"\n      ],\n      \"Resource\": \"arn:aws:logs:*:*:*\"\n    },\n    {\n      \"Sid\": \"\",\n      \"Effect\": \"Allow\",\n      \"Action\": \"ses:*\",\n      \"Resource\": \"*\"\n    },\n    {\n      \"Sid\": \"\",\n      \"Effect\": \"Allow\",\n      \"Action\": [\n        \"s3:PutObject\",\n        \"s3:GetObject\"\n      ],\n      \"Resource\": \"arn:aws:s3:::aldunate-pro-mail-30-days/*\"\n    }\n  ]\n}",
                            "statement.#": "3",
                            "statement.0.actions.#": "3",
                            "statement.0.actions.2809485102": "logs:CreateLogGroup",
                            "statement.0.actions.3285979848": "logs:CreateLogStream",
                            "statement.0.actions.39743051": "logs:PutLogEvents",
                            "statement.0.condition.#": "0",
                            "statement.0.effect": "Allow",
                            "statement.0.not_actions.#": "0",
                            "statement.0.not_principals.#": "0",
                            "statement.0.not_resources.#": "0",
                            "statement.0.principals.#": "0",
                            "statement.0.resources.#": "1",
                            "statement.0.resources.162423377": "arn:aws:logs:*:*:*",
                            "statement.0.sid": "",
                            "statement.1.actions.#": "1",
                            "statement.1.actions.3819990217": "ses:*",
                            "statement.1.condition.#": "0",
                            "statement.1.effect": "Allow",
                            "statement.1.not_actions.#": "0",
                            "statement.1.not_principals.#": "0",
                            "statement.1.not_resources.#": "0",
                            "statement.1.principals.#": "0",
                            "statement.1.resources.#": "1",
                            "statement.1.resources.2679715827": "*",
                            "statement.1.sid": "",
                            "statement.2.actions.#": "2",
                            "statement.2.actions.2071725391": "s3:GetObject",
                            "statement.2.actions.315547055": "s3:PutObject",
                            "statement.2.condition.#": "0",
                            "statement.2.effect": "Allow",
                            "statement.2.not_actions.#": "0",
                            "statement.2.not_principals.#": "0",
                            "statement.2.not_resources.#": "0",
                            "statement.2.principals.#": "0",
                            "statement.2.resources.#": "1",
                            "statement.2.resources.1370029360": "arn:aws:s3:::aldunate-pro-mail-30-days/*",
                            "statement.2.sid": ""
                        },
                        "meta": {},
                        "tainted": false
                    },
                    "deposed": [],
                    "provider": "provider.aws"
                },
                "null_resource.zip_lambda": {
                    "type": "null_resource",
                    "depends_on": [],
                    "primary": {
                        "id": "983783322727420351",
                        "attributes": {
                            "id": "983783322727420351"
                        },
                        "meta": {},
                        "tainted": false
                    },
                    "deposed": [],
                    "provider": "provider.null"
                }
            },
            "depends_on": []
        }
    ]
}
