{
    "version": 3,
    "terraform_version": "0.11.7",
    "serial": 45,
    "lineage": "0e36fa50-ad27-f3a4-45a0-f3bec8639a6e",
    "modules": [
        {
            "path": [
                "root"
            ],
            "outputs": {
                "bucket-arn": {
                    "sensitive": false,
                    "type": "string",
                    "value": "arn:aws:s3:::aldunate-pro-mail-30-days"
                }
            },
            "resources": {
                "aws_s3_bucket.bucket": {
                    "type": "aws_s3_bucket",
                    "depends_on": [],
                    "primary": {
                        "id": "aldunate-pro-mail-30-days",
                        "attributes": {
                            "acceleration_status": "",
                            "acl": "private",
                            "arn": "arn:aws:s3:::aldunate-pro-mail-30-days",
                            "bucket": "aldunate-pro-mail-30-days",
                            "bucket_domain_name": "aldunate-pro-mail-30-days.s3.amazonaws.com",
                            "bucket_regional_domain_name": "aldunate-pro-mail-30-days.s3.eu-west-1.amazonaws.com",
                            "cors_rule.#": "0",
                            "force_destroy": "false",
                            "hosted_zone_id": "Z1BKCTXD74EZPE",
                            "id": "aldunate-pro-mail-30-days",
                            "lifecycle_rule.#": "1",
                            "lifecycle_rule.0.abort_incomplete_multipart_upload_days": "0",
                            "lifecycle_rule.0.enabled": "true",
                            "lifecycle_rule.0.expiration.#": "1",
                            "lifecycle_rule.0.expiration.1918342522.date": "",
                            "lifecycle_rule.0.expiration.1918342522.days": "1",
                            "lifecycle_rule.0.expiration.1918342522.expired_object_delete_marker": "false",
                            "lifecycle_rule.0.id": "remove",
                            "lifecycle_rule.0.noncurrent_version_expiration.#": "0",
                            "lifecycle_rule.0.noncurrent_version_transition.#": "0",
                            "lifecycle_rule.0.prefix": "",
                            "lifecycle_rule.0.tags.%": "0",
                            "lifecycle_rule.0.transition.#": "0",
                            "logging.#": "0",
                            "region": "eu-west-1",
                            "replication_configuration.#": "0",
                            "request_payer": "BucketOwner",
                            "server_side_encryption_configuration.#": "0",
                            "tags.%": "2",
                            "tags.Project": "max-pro",
                            "tags.Project-Module": "mail-forwarder-aldunate-pro",
                            "versioning.#": "1",
                            "versioning.0.enabled": "false",
                            "versioning.0.mfa_delete": "false",
                            "website.#": "0"
                        },
                        "meta": {},
                        "tainted": false
                    },
                    "deposed": [],
                    "provider": "provider.aws"
                }
            },
            "depends_on": []
        }
    ]
}
